{
  "name": "@lost-types/colorista",
  "version": "1.2.1",
  "lockfileVersion": 1,
  "requires": true,
  "dependencies": {
    "@lost-types/color": {
      "version": "1.2.1",
      "requires": {
        "@lost-types/alias-map": "^1.2.1",
        "@lost-types/mathx": "^1.2.1",
        "@lost-types/range": "^1.2.1"
      },
      "dependencies": {
        "@lost-types/alias-map": {
          "version": "1.2.1"
        },
        "@lost-types/mathx": {
          "version": "1.2.1"
        },
        "@lost-types/range": {
          "version": "1.2.1",
          "requires": {
            "@lost-types/mathx": "^1.2.1"
          },
          "dependencies": {
            "@lost-types/mathx": {
              "version": "1.2.1"
            }
          }
        }
      }
    },
    "@lost-types/mathx": {
      "version": "1.2.1"
    },
    "@lost-types/range": {
      "version": "1.2.1",
      "requires": {
        "@lost-types/mathx": "^1.2.1"
      },
      "dependencies": {
        "@lost-types/mathx": {
          "version": "1.2.1"
        }
      }
    }
  }
}
