{
  "name": "@lost-types/color",
  "version": "1.2.1",
  "lockfileVersion": 1,
  "requires": true,
  "dependencies": {
    "@lost-types/alias-map": {
      "version": "1.2.1"
    },
    "@lost-types/mathx": {
      "version": "1.2.1"
    },
    "@lost-types/range": {
      "version": "1.2.1",
      "requires": {
        "@lost-types/mathx": "^1.2.1"
      },
      "dependencies": {
        "@lost-types/mathx": {
          "version": "1.2.1"
        }
      }
    }
  }
}
